
Microsoft Visual Studio Solution File, Format Version 12.00
# Visual Studio 15
VisualStudioVersion = 15.0.27703.2018
MinimumVisualStudioVersion = 10.0.40219.1
Project("{FAE04EC0-301F-11D3-BF4B-00C04F79EFBC}") = "Respawn.Postgres", "Respawn.Postgres\Respawn.Postgres.csproj", "{4A677A34-D5C9-4FCA-88E6-6072ADA0FF5D}"
EndProject
Project("{FAE04EC0-301F-11D3-BF4B-00C04F79EFBC}") = "Respawn.Postgres.IntegrationTests", "Respawn.Postgres.IntegrationTests\Respawn.Postgres.IntegrationTests.csproj", "{C4D20EDD-2F1E-49FC-AABC-F8866858875C}"
EndProject
Global
	GlobalSection(SolutionConfigurationPlatforms) = preSolution
		Debug|Any CPU = Debug|Any CPU
		Release|Any CPU = Release|Any CPU
	EndGlobalSection
	GlobalSection(ProjectConfigurationPlatforms) = postSolution
		{4A677A34-D5C9-4FCA-88E6-6072ADA0FF5D}.Debug|Any CPU.ActiveCfg = Debug|Any CPU
		{4A677A34-D5C9-4FCA-88E6-6072ADA0FF5D}.Debug|Any CPU.Build.0 = Debug|Any CPU
		{4A677A34-D5C9-4FCA-88E6-6072ADA0FF5D}.Release|Any CPU.ActiveCfg = Release|Any CPU
		{4A677A34-D5C9-4FCA-88E6-6072ADA0FF5D}.Release|Any CPU.Build.0 = Release|Any CPU
		{C4D20EDD-2F1E-49FC-AABC-F8866858875C}.Debug|Any CPU.ActiveCfg = Debug|Any CPU
		{C4D20EDD-2F1E-49FC-AABC-F8866858875C}.Debug|Any CPU.Build.0 = Debug|Any CPU
		{C4D20EDD-2F1E-49FC-AABC-F8866858875C}.Release|Any CPU.ActiveCfg = Release|Any CPU
		{C4D20EDD-2F1E-49FC-AABC-F8866858875C}.Release|Any CPU.Build.0 = Release|Any CPU
	EndGlobalSection
	GlobalSection(SolutionProperties) = preSolution
		HideSolutionNode = FALSE
	EndGlobalSection
	GlobalSection(ExtensibilityGlobals) = postSolution
		SolutionGuid = {BC39E282-6B7F-4AF6-A9FA-72AFDD3225F7}
	EndGlobalSection
EndGlobal
